
Microsoft Visual Studio Solution File, Format Version 12.00
# Visual Studio Version 17
VisualStudioVersion = 17.14.36811.4 d17.14
MinimumVisualStudioVersion = 10.0.40219.1
Project("{FAE04EC0-301F-11D3-BF4B-00C04F79EFBC}") = "ProfRate", "ProfRate.csproj", "{FFF7C89C-818D-4106-86B5-3B3F9D25CDE7}"
EndProject
Global
	GlobalSection(SolutionConfigurationPlatforms) = preSolution
		Debug|Any CPU = Debug|Any CPU
		Release|Any CPU = Release|Any CPU
	EndGlobalSection
	GlobalSection(ProjectConfigurationPlatforms) = postSolution
		{FFF7C89C-818D-4106-86B5-3B3F9D25CDE7}.Debug|Any CPU.ActiveCfg = Debug|Any CPU
		{FFF7C89C-818D-4106-86B5-3B3F9D25CDE7}.Debug|Any CPU.Build.0 = Debug|Any CPU
		{FFF7C89C-818D-4106-86B5-3B3F9D25CDE7}.Release|Any CPU.ActiveCfg = Release|Any CPU
		{FFF7C89C-818D-4106-86B5-3B3F9D25CDE7}.Release|Any CPU.Build.0 = Release|Any CPU
	EndGlobalSection
	GlobalSection(SolutionProperties) = preSolution
		HideSolutionNode = FALSE
	EndGlobalSection
	GlobalSection(ExtensibilityGlobals) = postSolution
		SolutionGuid = {89DC2B82-8FDF-481A-A9D1-5B298F06A511}
	EndGlobalSection
EndGlobal
